// !$*UTF8*$!
{
	archiveVersion = 1;
	classes = {
	};
	objectVersion = 50;
	objects = {

/* Begin PBXBuildFile section */
		6220F3D522123C2D000AA6CC /* Quttinirpaaq_NP_Tundra_Plant_Phenology_2016-2017_data_1.csv in Resources */ = {isa = PBXBuildFile; fileRef = 6220F3D422123C2D000AA6CC /* Quttinirpaaq_NP_Tundra_Plant_Phenology_2016-2017_data_1.csv */; };
		62DA3FAB22110F5D00EC1441 /* AppDelegate.swift in Sources */ = {isa = PBXBuildFile; fileRef = 62DA3FAA22110F5D00EC1441 /* AppDelegate.swift */; };
		62DA3FAD22110F5D00EC1441 /* ViewController.swift in Sources */ = {isa = PBXBuildFile; fileRef = 62DA3FAC22110F5D00EC1441 /* ViewController.swift */; };
		62DA3FB022110F5D00EC1441 /* Main.storyboard in Resources */ = {isa = PBXBuildFile; fileRef = 62DA3FAE22110F5D00EC1441 /* Main.storyboard */; };
		62DA3FB222110F5E00EC1441 /* Assets.xcassets in Resources */ = {isa = PBXBuildFile; fileRef = 62DA3FB122110F5E00EC1441 /* Assets.xcassets */; };
		62DA3FB522110F5E00EC1441 /* LaunchScreen.storyboard in Resources */ = {isa = PBXBuildFile; fileRef = 62DA3FB322110F5E00EC1441 /* LaunchScreen.storyboard */; };
		62DA3FC022110F5E00EC1441 /* Language_Research_Final_ProjectTests.swift in Sources */ = {isa = PBXBuildFile; fileRef = 62DA3FBF22110F5E00EC1441 /* Language_Research_Final_ProjectTests.swift */; };
/* End PBXBuildFile section */

/* Begin PBXContainerItemProxy section */
		62DA3FBC22110F5E00EC1441 /* PBXContainerItemProxy */ = {
			isa = PBXContainerItemProxy;
			containerPortal = 62DA3F9F22110F5D00EC1441 /* Project object */;
			proxyType = 1;
			remoteGlobalIDString = 62DA3FA622110F5D00EC1441;
			remoteInfo = "Language Research Final Project";
		};
/* End PBXContainerItemProxy section */

/* Begin PBXFileReference section */
		6220F3D422123C2D000AA6CC /* Quttinirpaaq_NP_Tundra_Plant_Phenology_2016-2017_data_1.csv */ = {isa = PBXFileReference; fileEncoding = 4; lastKnownFileType = text; path = "Quttinirpaaq_NP_Tundra_Plant_Phenology_2016-2017_data_1.csv"; sourceTree = "<group>"; };
		62DA3FA722110F5D00EC1441 /* Language Research Final Project.app */ = {isa = PBXFileReference; explicitFileType = wrapper.application; includeInIndex = 0; path = "Language Research Final Project.app"; sourceTree = BUILT_PRODUCTS_DIR; };
		62DA3FAA22110F5D00EC1441 /* AppDelegate.swift */ = {isa = PBXFileReference; lastKnownFileType = sourcecode.swift; path = AppDelegate.swift; sourceTree = "<group>"; };
		62DA3FAC22110F5D00EC1441 /* ViewController.swift */ = {isa = PBXFileReference; lastKnownFileType = sourcecode.swift; path = ViewController.swift; sourceTree = "<group>"; };
		62DA3FAF22110F5D00EC1441 /* Base */ = {isa = PBXFileReference; lastKnownFileType = file.storyboard; name = Base; path = Base.lproj/Main.storyboard; sourceTree = "<group>"; };
		62DA3FB122110F5E00EC1441 /* Assets.xcassets */ = {isa = PBXFileReference; lastKnownFileType = folder.assetcatalog; path = Assets.xcassets; sourceTree = "<group>"; };
		62DA3FB422110F5E00EC1441 /* Base */ = {isa = PBXFileReference; lastKnownFileType = file.storyboard; name = Base; path = Base.lproj/LaunchScreen.storyboard; sourceTree = "<group>"; };
		62DA3FB622110F5E00EC1441 /* Info.plist */ = {isa = PBXFileReference; lastKnownFileType = text.plist.xml; path = Info.plist; sourceTree = "<group>"; };
		62DA3FBB22110F5E00EC1441 /* Language Research Final ProjectTests.xctest */ = {isa = PBXFileReference; explicitFileType = wrapper.cfbundle; includeInIndex = 0; path = "Language Research Final ProjectTests.xctest"; sourceTree = BUILT_PRODUCTS_DIR; };
		62DA3FBF22110F5E00EC1441 /* Language_Research_Final_ProjectTests.swift */ = {isa = PBXFileReference; lastKnownFileType = sourcecode.swift; path = Language_Research_Final_ProjectTests.swift; sourceTree = "<group>"; };
		62DA3FC122110F5E00EC1441 /* Info.plist */ = {isa = PBXFileReference; lastKnownFileType = text.plist.xml; path = Info.plist; sourceTree = "<group>"; };
/* End PBXFileReference section */

/* Begin PBXFrameworksBuildPhase section */
		62DA3FA422110F5D00EC1441 /* Frameworks */ = {
			isa = PBXFrameworksBuildPhase;
			buildActionMask = 2147483647;
			files = (
			);
			runOnlyForDeploymentPostprocessing = 0;
		};
		62DA3FB822110F5E00EC1441 /* Frameworks */ = {
			isa = PBXFrameworksBuildPhase;
			buildActionMask = 2147483647;
			files = (
			);
			runOnlyForDeploymentPostprocessing = 0;
		};
/* End PBXFrameworksBuildPhase section */

/* Begin PBXGroup section */
		62DA3F9E22110F5D00EC1441 = {
			isa = PBXGroup;
			children = (
				62DA3FA922110F5D00EC1441 /* Language Research Final Project */,
				62DA3FBE22110F5E00EC1441 /* Language Research Final ProjectTests */,
				62DA3FA822110F5D00EC1441 /* Products */,
			);
			sourceTree = "<group>";
		};
		62DA3FA822110F5D00EC1441 /* Products */ = {
			isa = PBXGroup;
			children = (
				62DA3FA722110F5D00EC1441 /* Language Research Final Project.app */,
				62DA3FBB22110F5E00EC1441 /* Language Research Final ProjectTests.xctest */,
			);
			name = Products;
			sourceTree = "<group>";
		};
		62DA3FA922110F5D00EC1441 /* Language Research Final Project */ = {
			isa = PBXGroup;
			children = (
				6220F3D422123C2D000AA6CC /* Quttinirpaaq_NP_Tundra_Plant_Phenology_2016-2017_data_1.csv */,
				62DA3FAA22110F5D00EC1441 /* AppDelegate.swift */,
				62DA3FAC22110F5D00EC1441 /* ViewController.swift */,
				62DA3FAE22110F5D00EC1441 /* Main.storyboard */,
				62DA3FB122110F5E00EC1441 /* Assets.xcassets */,
				62DA3FB322110F5E00EC1441 /* LaunchScreen.storyboard */,
				62DA3FB622110F5E00EC1441 /* Info.plist */,
			);
			path = "Language Research Final Project";
			sourceTree = "<group>";
		};
		62DA3FBE22110F5E00EC1441 /* Language Research Final ProjectTests */ = {
			isa = PBXGroup;
			children = (
				62DA3FBF22110F5E00EC1441 /* Language_Research_Final_ProjectTests.swift */,
				62DA3FC122110F5E00EC1441 /* Info.plist */,
			);
			path = "Language Research Final ProjectTests";
			sourceTree = "<group>";
		};
/* End PBXGroup section */

/* Begin PBXNativeTarget section */
		62DA3FA622110F5D00EC1441 /* Language Research Final Project */ = {
			isa = PBXNativeTarget;
			buildConfigurationList = 62DA3FC422110F5E00EC1441 /* Build configuration list for PBXNativeTarget "Language Research Final Project" */;
			buildPhases = (
				62DA3FA322110F5D00EC1441 /* Sources */,
				62DA3FA422110F5D00EC1441 /* Frameworks */,
				62DA3FA522110F5D00EC1441 /* Resources */,
			);
			buildRules = (
			);
			dependencies = (
			);
			name = "Language Research Final Project";
			productName = "Language Research Final Project";
			productReference = 62DA3FA722110F5D00EC1441 /* Language Research Final Project.app */;
			productType = "com.apple.product-type.application";
		};
		62DA3FBA22110F5E00EC1441 /* Language Research Final ProjectTests */ = {
			isa = PBXNativeTarget;
			buildConfigurationList = 62DA3FC722110F5E00EC1441 /* Build configuration list for PBXNativeTarget "Language Research Final ProjectTests" */;
			buildPhases = (
				62DA3FB722110F5E00EC1441 /* Sources */,
				62DA3FB822110F5E00EC1441 /* Frameworks */,
				62DA3FB922110F5E00EC1441 /* Resources */,
			);
			buildRules = (
			);
			dependencies = (
				62DA3FBD22110F5E00EC1441 /* PBXTargetDependency */,
			);
			name = "Language Research Final ProjectTests";
			productName = "Language Research Final ProjectTests";
			productReference = 62DA3FBB22110F5E00EC1441 /* Language Research Final ProjectTests.xctest */;
			productType = "com.apple.product-type.bundle.unit-test";
		};
/* End PBXNativeTarget section */

/* Begin PBXProject section */
		62DA3F9F22110F5D00EC1441 /* Project object */ = {
			isa = PBXProject;
			attributes = {
				LastSwiftUpdateCheck = 1010;
				LastUpgradeCheck = 1010;
				ORGANIZATIONNAME = "Byeongyun Goo";
				TargetAttributes = {
					62DA3FA622110F5D00EC1441 = {
						CreatedOnToolsVersion = 10.1;
					};
					62DA3FBA22110F5E00EC1441 = {
						CreatedOnToolsVersion = 10.1;
						TestTargetID = 62DA3FA622110F5D00EC1441;
					};
				};
			};
			buildConfigurationList = 62DA3FA222110F5D00EC1441 /* Build configuration list for PBXProject "Language Research Final Project" */;
			compatibilityVersion = "Xcode 9.3";
			developmentRegion = en;
			hasScannedForEncodings = 0;
			knownRegions = (
				en,
				Base,
			);
			mainGroup = 62DA3F9E22110F5D00EC1441;
			productRefGroup = 62DA3FA822110F5D00EC1441 /* Products */;
			projectDirPath = "";
			projectRoot = "";
			targets = (
				62DA3FA622110F5D00EC1441 /* Language Research Final Project */,
				62DA3FBA22110F5E00EC1441 /* Language Research Final ProjectTests */,
			);
		};
/* End PBXProject section */

/* Begin PBXResourcesBuildPhase section */
		62DA3FA522110F5D00EC1441 /* Resources */ = {
			isa = PBXResourcesBuildPhase;
			buildActionMask = 2147483647;
			files = (
				6220F3D522123C2D000AA6CC /* Quttinirpaaq_NP_Tundra_Plant_Phenology_2016-2017_data_1.csv in Resources */,
				62DA3FB522110F5E00EC1441 /* LaunchScreen.storyboard in Resources */,
				62DA3FB222110F5E00EC1441 /* Assets.xcassets in Resources */,
				62DA3FB022110F5D00EC1441 /* Main.storyboard in Resources */,
			);
			runOnlyForDeploymentPostprocessing = 0;
		};
		62DA3FB922110F5E00EC1441 /* Resources */ = {
			isa = PBXResourcesBuildPhase;
			buildActionMask = 2147483647;
			files = (
			);
			runOnlyForDeploymentPostprocessing = 0;
		};
/* End PBXResourcesBuildPhase section */

/* Begin PBXSourcesBuildPhase section */
		62DA3FA322110F5D00EC1441 /* Sources */ = {
			isa = PBXSourcesBuildPhase;
			buildActionMask = 2147483647;
			files = (
				62DA3FAD22110F5D00EC1441 /* ViewController.swift in Sources */,
				62DA3FAB22110F5D00EC1441 /* AppDelegate.swift in Sources */,
			);
			runOnlyForDeploymentPostprocessing = 0;
		};
		62DA3FB722110F5E00EC1441 /* Sources */ = {
			isa = PBXSourcesBuildPhase;
			buildActionMask = 2147483647;
			files = (
				62DA3FC022110F5E00EC1441 /* Language_Research_Final_ProjectTests.swift in Sources */,
			);
			runOnlyForDeploymentPostprocessing = 0;
		};
/* End PBXSourcesBuildPhase section */

/* Begin PBXTargetDependency section */
		62DA3FBD22110F5E00EC1441 /* PBXTargetDependency */ = {
			isa = PBXTargetDependency;
			target = 62DA3FA622110F5D00EC1441 /* Language Research Final Project */;
			targetProxy = 62DA3FBC22110F5E00EC1441 /* PBXContainerItemProxy */;
		};
/* End PBXTargetDependency section */

/* Begin PBXVariantGroup section */
		62DA3FAE22110F5D00EC1441 /* Main.storyboard */ = {
			isa = PBXVariantGroup;
			children = (
				62DA3FAF22110F5D00EC1441 /* Base */,
			);
			name = Main.storyboard;
			sourceTree = "<group>";
		};
		62DA3FB322110F5E00EC1441 /* LaunchScreen.storyboard */ = {
			isa = PBXVariantGroup;
			children = (
				62DA3FB422110F5E00EC1441 /* Base */,
			);
			name = LaunchScreen.storyboard;
			sourceTree = "<group>";
		};
/* End PBXVariantGroup section */

/* Begin XCBuildConfiguration section */
		62DA3FC222110F5E00EC1441 /* Debug */ = {
			isa = XCBuildConfiguration;
			buildSettings = {
				ALWAYS_SEARCH_USER_PATHS = NO;
				CLANG_ANALYZER_NONNULL = YES;
				CLANG_ANALYZER_NUMBER_OBJECT_CONVERSION = YES_AGGRESSIVE;
				CLANG_CXX_LANGUAGE_STANDARD = "gnu++14";
				CLANG_CXX_LIBRARY = "libc++";
				CLANG_ENABLE_MODULES = YES;
				CLANG_ENABLE_OBJC_ARC = YES;
				CLANG_ENABLE_OBJC_WEAK = YES;
				CLANG_WARN_BLOCK_CAPTURE_AUTORELEASING = YES;
				CLANG_WARN_BOOL_CONVERSION = YES;
				CLANG_WARN_COMMA = YES;
				CLANG_WARN_CONSTANT_CONVERSION = YES;
				CLANG_WARN_DEPRECATED_OBJC_IMPLEMENTATIONS = YES;
				CLANG_WARN_DIRECT_OBJC_ISA_USAGE = YES_ERROR;
				CLANG_WARN_DOCUMENTATION_COMMENTS = YES;
				CLANG_WARN_EMPTY_BODY = YES;
				CLANG_WARN_ENUM_CONVERSION = YES;
				CLANG_WARN_INFINITE_RECURSION = YES;
				CLANG_WARN_INT_CONVERSION = YES;
				CLANG_WARN_NON_LITERAL_NULL_CONVERSION = YES;
				CLANG_WARN_OBJC_IMPLICIT_RETAIN_SELF = YES;
				CLANG_WARN_OBJC_LITERAL_CONVERSION = YES;
				CLANG_WARN_OBJC_ROOT_CLASS = YES_ERROR;
				CLANG_WARN_RANGE_LOOP_ANALYSIS = YES;
				CLANG_WARN_STRICT_PROTOTYPES = YES;
				CLANG_WARN_SUSPICIOUS_MOVE = YES;
				CLANG_WARN_UNGUARDED_AVAILABILITY = YES_AGGRESSIVE;
				CLANG_WARN_UNREACHABLE_CODE = YES;
				CLANG_WARN__DUPLICATE_METHOD_MATCH = YES;
				CODE_SIGN_IDENTITY = "iPhone Developer";
				COPY_PHASE_STRIP = NO;
				DEBUG_INFORMATION_FORMAT = dwarf;
				ENABLE_STRICT_OBJC_MSGSEND = YES;
				ENABLE_TESTABILITY = YES;
				GCC_C_LANGUAGE_STANDARD = gnu11;
				GCC_DYNAMIC_NO_PIC = NO;
				GCC_NO_COMMON_BLOCKS = YES;
				GCC_OPTIMIZATION_LEVEL = 0;
				GCC_PREPROCESSOR_DEFINITIONS = (
					"DEBUG=1",
					"$(inherited)",
				);
				GCC_WARN_64_TO_32_BIT_CONVERSION = YES;
				GCC_WARN_ABOUT_RETURN_TYPE = YES_ERROR;
				GCC_WARN_UNDECLARED_SELECTOR = YES;
				GCC_WARN_UNINITIALIZED_AUTOS = YES_AGGRESSIVE;
				GCC_WARN_UNUSED_FUNCTION = YES;
				GCC_WARN_UNUSED_VARIABLE = YES;
				IPHONEOS_DEPLOYMENT_TARGET = 12.1;
				MTL_ENABLE_DEBUG_INFO = INCLUDE_SOURCE;
				MTL_FAST_MATH = YES;
				ONLY_ACTIVE_ARCH = YES;
				SDKROOT = iphoneos;
				SWIFT_ACTIVE_COMPILATION_CONDITIONS = DEBUG;
				SWIFT_OPTIMIZATION_LEVEL = "-Onone";
			};
			name = Debug;
		};
		62DA3FC322110F5E00EC1441 /* Release */ = {
			isa = XCBuildConfiguration;
			buildSettings = {
				ALWAYS_SEARCH_USER_PATHS = NO;
				CLANG_ANALYZER_NONNULL = YES;
				CLANG_ANALYZER_NUMBER_OBJECT_CONVERSION = YES_AGGRESSIVE;
				CLANG_CXX_LANGUAGE_STANDARD = "gnu++14";
				CLANG_CXX_LIBRARY = "libc++";
				CLANG_ENABLE_MODULES = YES;
				CLANG_ENABLE_OBJC_ARC = YES;
				CLANG_ENABLE_OBJC_WEAK = YES;
				CLANG_WARN_BLOCK_CAPTURE_AUTORELEASING = YES;
				CLANG_WARN_BOOL_CONVERSION = YES;
				CLANG_WARN_COMMA = YES;
				CLANG_WARN_CONSTANT_CONVERSION = YES;
				CLANG_WARN_DEPRECATED_OBJC_IMPLEMENTATIONS = YES;
				CLANG_WARN_DIRECT_OBJC_ISA_USAGE = YES_ERROR;
				CLANG_WARN_DOCUMENTATION_COMMENTS = YES;
				CLANG_WARN_EMPTY_BODY = YES;
				CLANG_WARN_ENUM_CONVERSION = YES;
				CLANG_WARN_INFINITE_RECURSION = YES;
				CLANG_WARN_INT_CONVERSION = YES;
				CLANG_WARN_NON_LITERAL_NULL_CONVERSION = YES;
				CLANG_WARN_OBJC_IMPLICIT_RETAIN_SELF = YES;
				CLANG_WARN_OBJC_LITERAL_CONVERSION = YES;
				CLANG_WARN_OBJC_ROOT_CLASS = YES_ERROR;
				CLANG_WARN_RANGE_LOOP_ANALYSIS = YES;
				CLANG_WARN_STRICT_PROTOTYPES = YES;
				CLANG_WARN_SUSPICIOUS_MOVE = YES;
				CLANG_WARN_UNGUARDED_AVAILABILITY = YES_AGGRESSIVE;
				CLANG_WARN_UNREACHABLE_CODE = YES;
				CLANG_WARN__DUPLICATE_METHOD_MATCH = YES;
				CODE_SIGN_IDENTITY = "iPhone Developer";
				COPY_PHASE_STRIP = NO;
				DEBUG_INFORMATION_FORMAT = "dwarf-with-dsym";
				ENABLE_NS_ASSERTIONS = NO;
				ENABLE_STRICT_OBJC_MSGSEND = YES;
				GCC_C_LANGUAGE_STANDARD = gnu11;
				GCC_NO_COMMON_BLOCKS = YES;
				GCC_WARN_64_TO_32_BIT_CONVERSION = YES;
				GCC_WARN_ABOUT_RETURN_TYPE = YES_ERROR;
				GCC_WARN_UNDECLARED_SELECTOR = YES;
				GCC_WARN_UNINITIALIZED_AUTOS = YES_AGGRESSIVE;
				GCC_WARN_UNUSED_FUNCTION = YES;
				GCC_WARN_UNUSED_VARIABLE = YES;
				IPHONEOS_DEPLOYMENT_TARGET = 12.1;
				MTL_ENABLE_DEBUG_INFO = NO;
				MTL_FAST_MATH = YES;
				SDKROOT = iphoneos;
				SWIFT_COMPILATION_MODE = wholemodule;
				SWIFT_OPTIMIZATION_LEVEL = "-O";
				VALIDATE_PRODUCT = YES;
			};
			name = Release;
		};
		62DA3FC522110F5E00EC1441 /* Debug */ = {
			isa = XCBuildConfiguration;
			buildSettings = {
				ASSETCATALOG_COMPILER_APPICON_NAME = AppIcon;
				CODE_SIGN_STYLE = Automatic;
				INFOPLIST_FILE = "Language Research Final Project/Info.plist";
				LD_RUNPATH_SEARCH_PATHS = (
					"$(inherited)",
					"@executable_path/Frameworks",
				);
				PRODUCT_BUNDLE_IDENTIFIER = "com.allengoo.Language-Research-Final-Project";
				PRODUCT_NAME = "$(TARGET_NAME)";
				SWIFT_VERSION = 4.2;
				TARGETED_DEVICE_FAMILY = "1,2";
			};
			name = Debug;
		};
		62DA3FC622110F5E00EC1441 /* Release */ = {
			isa = XCBuildConfiguration;
			buildSettings = {
				ASSETCATALOG_COMPILER_APPICON_NAME = AppIcon;
				CODE_SIGN_STYLE = Automatic;
				INFOPLIST_FILE = "Language Research Final Project/Info.plist";
				LD_RUNPATH_SEARCH_PATHS = (
					"$(inherited)",
					"@executable_path/Frameworks",
				);
				PRODUCT_BUNDLE_IDENTIFIER = "com.allengoo.Language-Research-Final-Project";
				PRODUCT_NAME = "$(TARGET_NAME)";
				SWIFT_VERSION = 4.2;
				TARGETED_DEVICE_FAMILY = "1,2";
			};
			name = Release;
		};
		62DA3FC822110F5E00EC1441 /* Debug */ = {
			isa = XCBuildConfiguration;
			buildSettings = {
				ALWAYS_EMBED_SWIFT_STANDARD_LIBRARIES = YES;
				BUNDLE_LOADER = "$(TEST_HOST)";
				CODE_SIGN_STYLE = Automatic;
				INFOPLIST_FILE = "Language Research Final ProjectTests/Info.plist";
				LD_RUNPATH_SEARCH_PATHS = (
					"$(inherited)",
					"@executable_path/Frameworks",
					"@loader_path/Frameworks",
				);
				PRODUCT_BUNDLE_IDENTIFIER = "com.allengoo.Language-Research-Final-ProjectTests";
				PRODUCT_NAME = "$(TARGET_NAME)";
				SWIFT_VERSION = 4.2;
				TARGETED_DEVICE_FAMILY = "1,2";
				TEST_HOST = "$(BUILT_PRODUCTS_DIR)/Language Research Final Project.app/Language Research Final Project";
			};
			name = Debug;
		};
		62DA3FC922110F5E00EC1441 /* Release */ = {
			isa = XCBuildConfiguration;
			buildSettings = {
				ALWAYS_EMBED_SWIFT_STANDARD_LIBRARIES = YES;
				BUNDLE_LOADER = "$(TEST_HOST)";
				CODE_SIGN_STYLE = Automatic;
				INFOPLIST_FILE = "Language Research Final ProjectTests/Info.plist";
				LD_RUNPATH_SEARCH_PATHS = (
					"$(inherited)",
					"@executable_path/Frameworks",
					"@loader_path/Frameworks",
				);
				PRODUCT_BUNDLE_IDENTIFIER = "com.allengoo.Language-Research-Final-ProjectTests";
				PRODUCT_NAME = "$(TARGET_NAME)";
				SWIFT_VERSION = 4.2;
				TARGETED_DEVICE_FAMILY = "1,2";
				TEST_HOST = "$(BUILT_PRODUCTS_DIR)/Language Research Final Project.app/Language Research Final Project";
			};
			name = Release;
		};
/* End XCBuildConfiguration section */

/* Begin XCConfigurationList section */
		62DA3FA222110F5D00EC1441 /* Build configuration list for PBXProject "Language Research Final Project" */ = {
			isa = XCConfigurationList;
			buildConfigurations = (
				62DA3FC222110F5E00EC1441 /* Debug */,
				62DA3FC322110F5E00EC1441 /* Release */,
			);
			defaultConfigurationIsVisible = 0;
			defaultConfigurationName = Release;
		};
		62DA3FC422110F5E00EC1441 /* Build configuration list for PBXNativeTarget "Language Research Final Project" */ = {
			isa = XCConfigurationList;
			buildConfigurations = (
				62DA3FC522110F5E00EC1441 /* Debug */,
				62DA3FC622110F5E00EC1441 /* Release */,
			);
			defaultConfigurationIsVisible = 0;
			defaultConfigurationName = Release;
		};
		62DA3FC722110F5E00EC1441 /* Build configuration list for PBXNativeTarget "Language Research Final ProjectTests" */ = {
			isa = XCConfigurationList;
			buildConfigurations = (
				62DA3FC822110F5E00EC1441 /* Debug */,
				62DA3FC922110F5E00EC1441 /* Release */,
			);
			defaultConfigurationIsVisible = 0;
			defaultConfigurationName = Release;
		};
/* End XCConfigurationList section */
	};
	rootObject = 62DA3F9F22110F5D00EC1441 /* Project object */;
}
